{
  "version": "4",
  "specifiers": {
    "jsr:@david/code-block-writer@^13.0.2": "13.0.3",
    "jsr:@deno/cache-dir@~0.10.3": "0.10.3",
    "jsr:@deno/dnt@~0.41.3": "0.41.3",
    "jsr:@deno/graph@~0.73.1": "0.73.1",
    "jsr:@denosaurs/argontwo@0.2": "0.2.0",
    "jsr:@denosaurs/lz4@0.1.4": "0.1.4",
    "jsr:@rabbit-company/blake2b@^2.1.1": "2.1.1",
    "jsr:@std/assert@0.223": "0.223.0",
    "jsr:@std/assert@0.226": "0.226.0",
    "jsr:@std/bytes@0.223": "0.223.0",
    "jsr:@std/encoding@0.221": "0.221.0",
    "jsr:@std/fmt@0.223": "0.223.0",
    "jsr:@std/fmt@1": "1.0.2",
    "jsr:@std/fs@0.223": "0.223.0",
    "jsr:@std/fs@1": "1.0.5",
    "jsr:@std/fs@~0.229.3": "0.229.3",
    "jsr:@std/io@0.223": "0.223.0",
    "jsr:@std/path@0.223": "0.223.0",
    "jsr:@std/path@1": "1.0.8",
    "jsr:@std/path@1.0.0-rc.1": "1.0.0-rc.1",
    "jsr:@std/path@^1.0.7": "1.0.8",
    "jsr:@std/path@~0.225.2": "0.225.2",
    "jsr:@ts-morph/bootstrap@0.24": "0.24.0",
    "jsr:@ts-morph/common@0.24": "0.24.0",
    "npm:@napi-rs/canvas@~0.1.64": "0.1.64",
    "npm:@types/node@*": "22.5.4",
    "npm:object-fit-math@1": "1.0.0",
    "npm:unzipit@*": "1.4.3",
    "npm:unzipit@^1.4.3": "1.4.3"
  },
  "jsr": {
    "@david/code-block-writer@13.0.3": {
      "integrity": "f98c77d320f5957899a61bfb7a9bead7c6d83ad1515daee92dbacc861e13bb7f"
    },
    "@deno/cache-dir@0.10.3": {
      "integrity": "eb022f84ecc49c91d9d98131c6e6b118ff63a29e343624d058646b9d50404776",
      "dependencies": [
        "jsr:@deno/graph",
        "jsr:@std/fmt@0.223",
        "jsr:@std/fs@0.223",
        "jsr:@std/io",
        "jsr:@std/path@0.223"
      ]
    },
    "@deno/dnt@0.41.3": {
      "integrity": "b2ef2c8a5111eef86cb5bfcae103d6a2938e8e649e2461634a7befb7fc59d6d2",
      "dependencies": [
        "jsr:@david/code-block-writer",
        "jsr:@deno/cache-dir",
        "jsr:@std/fmt@1",
        "jsr:@std/fs@1",
        "jsr:@std/path@1",
        "jsr:@ts-morph/bootstrap"
      ]
    },
    "@deno/graph@0.73.1": {
      "integrity": "cd69639d2709d479037d5ce191a422eabe8d71bb68b0098344f6b07411c84d41"
    },
    "@denosaurs/argontwo@0.2.0": {
      "integrity": "1ce2f4c90ba3643e6fffd0d9be059f7cacfb62cf1b314049b6c7c71d87cb92a1",
      "dependencies": [
        "jsr:@denosaurs/lz4",
        "jsr:@std/encoding"
      ]
    },
    "@denosaurs/lz4@0.1.4": {
      "integrity": "ad5d556c02eb01fe1e0f2e953d7be066a14870afe149b1aed1ced019460f6aa1"
    },
    "@rabbit-company/blake2b@2.1.1": {
      "integrity": "b1595b8995865e31eea21d689aa0108a545acefce08b0350668c68985d8a02c5"
    },
    "@std/assert@0.223.0": {
      "integrity": "eb8d6d879d76e1cc431205bd346ed4d88dc051c6366365b1af47034b0670be24"
    },
    "@std/assert@0.226.0": {
      "integrity": "0dfb5f7c7723c18cec118e080fec76ce15b4c31154b15ad2bd74822603ef75b3"
    },
    "@std/bytes@0.223.0": {
      "integrity": "84b75052cd8680942c397c2631318772b295019098f40aac5c36cead4cba51a8"
    },
    "@std/encoding@0.221.0": {
      "integrity": "d1dd76ef0dc5d14088411e6dc1dede53bf8308c95d1537df1214c97137208e45"
    },
    "@std/fmt@0.223.0": {
      "integrity": "6deb37794127dfc7d7bded2586b9fc6f5d50e62a8134846608baf71ffc1a5208"
    },
    "@std/fmt@1.0.2": {
      "integrity": "87e9dfcdd3ca7c066e0c3c657c1f987c82888eb8103a3a3baa62684ffeb0f7a7"
    },
    "@std/fs@0.223.0": {
      "integrity": "3b4b0550b2c524cbaaa5a9170c90e96cbb7354e837ad1bdaf15fc9df1ae9c31c"
    },
    "@std/fs@0.229.3": {
      "integrity": "783bca21f24da92e04c3893c9e79653227ab016c48e96b3078377ebd5222e6eb",
      "dependencies": [
        "jsr:@std/path@1.0.0-rc.1"
      ]
    },
    "@std/fs@1.0.5": {
      "integrity": "41806ad6823d0b5f275f9849a2640d87e4ef67c51ee1b8fb02426f55e02fd44e",
      "dependencies": [
        "jsr:@std/path@^1.0.7"
      ]
    },
    "@std/io@0.223.0": {
      "integrity": "2d8c3c2ab3a515619b90da2c6ff5ea7b75a94383259ef4d02116b228393f84f1",
      "dependencies": [
        "jsr:@std/assert@0.223",
        "jsr:@std/bytes"
      ]
    },
    "@std/path@0.223.0": {
      "integrity": "593963402d7e6597f5a6e620931661053572c982fc014000459edc1f93cc3989",
      "dependencies": [
        "jsr:@std/assert@0.223"
      ]
    },
    "@std/path@0.225.2": {
      "integrity": "0f2db41d36b50ef048dcb0399aac720a5348638dd3cb5bf80685bf2a745aa506",
      "dependencies": [
        "jsr:@std/assert@0.226"
      ]
    },
    "@std/path@1.0.0-rc.1": {
      "integrity": "b8c00ae2f19106a6bb7cbf1ab9be52aa70de1605daeb2dbdc4f87a7cbaf10ff6"
    },
    "@std/path@1.0.8": {
      "integrity": "548fa456bb6a04d3c1a1e7477986b6cffbce95102d0bb447c67c4ee70e0364be"
    },
    "@ts-morph/bootstrap@0.24.0": {
      "integrity": "a826a2ef7fa8a7c3f1042df2c034d20744d94da2ee32bf29275bcd4dffd3c060",
      "dependencies": [
        "jsr:@ts-morph/common"
      ]
    },
    "@ts-morph/common@0.24.0": {
      "integrity": "12b625b8e562446ba658cdbe9ad77774b4bd96b992ae8bd34c60dbf24d06c1f3",
      "dependencies": [
        "jsr:@std/fs@~0.229.3",
        "jsr:@std/path@~0.225.2"
      ]
    }
  },
  "npm": {
    "@napi-rs/canvas-android-arm64@0.1.64": {
      "integrity": "sha512-kyS1b0lt3Nj6QDci8mHTjLA782OpUz5+yiDzsXeOOdqPgiKuDX6ff228gJcZ5/vEOf40rvxar9cYArsTeSuhqQ=="
    },
    "@napi-rs/canvas-darwin-arm64@0.1.64": {
      "integrity": "sha512-FiXkDoQcTaKWU5ZavEpyYTB+gwLtML/KMnYBi/t5gQGbEC5sOM16S4UtQNAb5zraam0/75wqFyVbgIt3H5JbWg=="
    },
    "@napi-rs/canvas-darwin-x64@0.1.64": {
      "integrity": "sha512-TobMkHfS93VBdZclq7V82tnbYT7+swKe4rhuRtIAi+HolIPhKkoZP6mUthl841Sfsuo0f2o6ZJxn+Y6DWmZ3Tg=="
    },
    "@napi-rs/canvas-linux-arm-gnueabihf@0.1.64": {
      "integrity": "sha512-Zs4+wQpLMjsIvC1sC0+HeYsMGrNtqkhgEMdIHEA5yWLaGmLlsiiqJ+ZZKasynHLklWFfV6ywkfhPTLs2n80tlQ=="
    },
    "@napi-rs/canvas-linux-arm64-gnu@0.1.64": {
      "integrity": "sha512-AaE2LU42iASw5PE8UdJ/GxAHfN2nKvnwgDL9rR+JzsN19fl4Av8R2VlnBBKVKGJekeqlAN+J+9oIFIGvKUpkpA=="
    },
    "@napi-rs/canvas-linux-arm64-musl@0.1.64": {
      "integrity": "sha512-EcScvyDfBaP44pfrRxDAmv/NKo7CAM34a5HVo6xSPAlLhLaOWTcMJrlZc14Sx105Q46u2myH1DcTtVsFO9XRfg=="
    },
    "@napi-rs/canvas-linux-riscv64-gnu@0.1.64": {
      "integrity": "sha512-XlqIGfNxV3JF4+mzn+BVxCsKeYGHhYnHo5m8COn012iEri0UXU65VSgMVbAa+78neu9bXoBWT0fUI2TrnV+u1Q=="
    },
    "@napi-rs/canvas-linux-x64-gnu@0.1.64": {
      "integrity": "sha512-TuVeg6ISOV/NmAYE7Gg5/lyE/SW3a2Unrd+3kTVcI76LHfZwZcdPaNaU9GKJLLv1O5/zMcgK/lJmYOpI+JU4NQ=="
    },
    "@napi-rs/canvas-linux-x64-musl@0.1.64": {
      "integrity": "sha512-JwfHdmSIRPlP+u8xglfxcqYfpjg6k/HROBKjeA5eSNCHUiSdH/HStyieAkMInyNjbqVL0FwTgLLNWW16fqTq8w=="
    },
    "@napi-rs/canvas-win32-x64-msvc@0.1.64": {
      "integrity": "sha512-iVrrc+Ob9yNJ6yPeMRympLOszg2JvV6DaSostBbAs714eaQ/+i5b6dTI0QRdb/JWpm95CQ7SM/kOPZJZv7Rfjw=="
    },
    "@napi-rs/canvas@0.1.64": {
      "integrity": "sha512-GjvaYebjPsnvGxBsUJxW2Bh1Di9kVifWZ+LLeQEI7se4SD5Ts7GRpdLXhKM05wA4GB9reClFLRd4lUoFMcTMxw==",
      "dependencies": [
        "@napi-rs/canvas-android-arm64",
        "@napi-rs/canvas-darwin-arm64",
        "@napi-rs/canvas-darwin-x64",
        "@napi-rs/canvas-linux-arm-gnueabihf",
        "@napi-rs/canvas-linux-arm64-gnu",
        "@napi-rs/canvas-linux-arm64-musl",
        "@napi-rs/canvas-linux-riscv64-gnu",
        "@napi-rs/canvas-linux-x64-gnu",
        "@napi-rs/canvas-linux-x64-musl",
        "@napi-rs/canvas-win32-x64-msvc"
      ]
    },
    "@types/node@22.5.4": {
      "integrity": "sha512-FDuKUJQm/ju9fT/SeX/6+gBzoPzlVCzfzmGkwKvRHQVxi4BntVbyIwf6a4Xn62mrvndLiml6z/UBXIdEVjQLXg==",
      "dependencies": [
        "undici-types"
      ]
    },
    "object-fit-math@1.0.0": {
      "integrity": "sha512-SqsfEKO6OoHR1K3r5E7JpJoloN6Wd5zPZr0QAo0DAI/zjpadPNcajoUhNvrGUcDHDaF8LEQKCgiiz0+p7lVGeg=="
    },
    "undici-types@6.19.8": {
      "integrity": "sha512-ve2KP6f/JnbPBFyobGHuerC9g1FYGn/F8n1LWTwNxCEzd6IfqTwUQcNXgEtmmQ6DlRrC1hrSrBnCZPokRrDHjw=="
    },
    "unzipit@1.4.3": {
      "integrity": "sha512-gsq2PdJIWWGhx5kcdWStvNWit9FVdTewm4SEG7gFskWs+XCVaULt9+BwuoBtJiRE8eo3L1IPAOrbByNLtLtIlg==",
      "dependencies": [
        "uzip-module"
      ]
    },
    "uzip-module@1.0.3": {
      "integrity": "sha512-AMqwWZaknLM77G+VPYNZLEruMGWGzyigPK3/Whg99B3S6vGHuqsyl5ZrOv1UUF3paGK1U6PM0cnayioaryg/fA=="
    }
  },
  "redirects": {
    "https://deno.land/x/base64/mod.ts": "https://deno.land/x/base64@v0.2.1/mod.ts",
    "https://denopkg.com/chiefbiiko/std-encoding/mod.ts": "https://denopkg.com/chiefbiiko/std-encoding@master/mod.ts"
  },
  "remote": {
    "https://deno.land/std@0.106.0/encoding/base64.ts": "eecae390f1f1d1cae6f6c6d732ede5276bf4b9cd29b1d281678c054dc5cc009e",
    "https://deno.land/std@0.204.0/encoding/_util.ts": "f368920189c4fe6592ab2e93bd7ded8f3065b84f95cd3e036a4a10a75649dcba",
    "https://deno.land/std@0.204.0/encoding/base64.ts": "cc03110d6518170aeaa68ec97f89c6d6e2276294b30807e7332591d7ce2e4b72",
    "https://deno.land/std@0.217.0/dotenv/mod.ts": "0180eaeedaaf88647318811cdaa418cc64dc51fb08354f91f5f480d0a1309f7d",
    "https://deno.land/std@0.217.0/dotenv/parse.ts": "a49ed243bd62ec26f38614042cda4e5e3a47b18337c93b0f9f8556a5c918884b",
    "https://deno.land/std@0.217.0/dotenv/stringify.ts": "0047ad7068289735d08964046aea267a750c141b494ca0e38831b89be6c020c2",
    "https://deno.land/x/argontwo@0.2.0/mod.ts": "076395861fc86d5b475ed49ecf10a35df47db55a506469da054a92969d7cdf66",
    "https://deno.land/x/argontwo@0.2.0/wasm/mod.ts": "588486da70ccd43760b71fb3d236ff37d1790d3419cbb764c35fc05a550a2881",
    "https://deno.land/x/argontwo@0.2.0/wasm/wasm.js": "c5fdbe828b5984d9a434247ca2cf6cd44e8f7560490813cdd92be785ec57d3fa",
    "https://deno.land/x/base64@v0.2.1/base.ts": "47dc8d68f07dc91524bdd6db36eccbe59cf4d935b5fc09f27357a3944bb3ff7b",
    "https://deno.land/x/base64@v0.2.1/base64url.ts": "18bbf879b31f1f32cca8adaa2b6885ae325c2cec6a66c5817b684ca12c46ad5e",
    "https://deno.land/x/base64@v0.2.1/mod.ts": "1cbdc4ba7229d3c6d1763fecdb9d46844777c7e153abb6dabea8b0dd01448db4",
    "https://deno.land/x/blake2b@v0.1.0/deps.ts": "35cc92e906ba8e9a9a19c4a9721424b8a59296ae25773d6f5ebaba876e357354",
    "https://deno.land/x/blake2b@v0.1.0/loadWasm.ts": "fc80ec36c16e3db40ecd3de845cd54db14ba9b921a3cfb58e7c3cf882fcf17ad",
    "https://deno.land/x/blake2b@v0.1.0/mod.ts": "dac191af3935ce4d9dda9feb43b8b9cc574206c6377fdad7b6e8782907db8edf",
    "https://deno.land/x/canvas@v1.4.1/deps.ts": "e956026d98094946166e06d7b799290b732db015813870d84e04e33ab88e98f3",
    "https://deno.land/x/canvas@v1.4.1/mod.ts": "a4e16972647ceafef58612a377a218372454c99d2c9da615a132694597114f80",
    "https://deno.land/x/canvas@v1.4.1/src/base64.ts": "0928031fdba0c43b617154fbe2eb7578366460c04da1422933ae5e936d3d0349",
    "https://deno.land/x/canvas@v1.4.1/src/canvas.ts": "58119999b04f68ebeed2627485c5c24c5b0c029707edde0b6568814f9049a3a8",
    "https://deno.land/x/canvas@v1.4.1/src/canvaskit.ts": "c3d807472cbb3e1d9fc01bb43ff974ef796c4b010178d1595be5fa793cce5e7d",
    "https://deno.land/x/canvas@v1.4.1/src/color_util.ts": "28f1072f0a5acbe7add7fac2f452311a47b44c080806fc4057de2d2e405c6c1c",
    "https://deno.land/x/canvas@v1.4.1/src/lib.js": "bb21711589bfbc8997b455cdf53e3150e23289f3b44809188041b1d2fc7924fa",
    "https://deno.land/x/canvas@v1.4.1/src/types.ts": "67d5800f8f4b0a407e0251676a03ae91b5f50a3ed53e6b72dc5984113cb93128",
    "https://deno.land/x/canvas@v1.4.1/src/wasm.js": "449d72cc14fc4142a5853f944df49a744d852981d09c5515528ede8aebb0afda",
    "https://deno.land/x/lz4@v0.1.2/mod.ts": "4decfc1a3569d03fd1813bd39128b71c8f082850fe98ecfdde20025772916582",
    "https://deno.land/x/lz4@v0.1.2/wasm.js": "b9c65605327ba273f0c76a6dc596ec534d4cda0f0225d7a94ebc606782319e46",
    "https://deno.land/x/outdent@v0.8.0/mod.ts": "72630e680dcc36d5ae556fbff6900b12706c81a6fd592345fc98bcc0878fb3ca",
    "https://deno.land/x/outdent@v0.8.0/src/index.ts": "6dc3df4108d5d6fedcdb974844d321037ca81eaaa16be6073235ff3268841a22",
    "https://denopkg.com/chiefbiiko/std-encoding@master/mod.ts": "e61017da4cef146863d614a961b4e61f1df14b72c906092bd02161f913e76522"
  },
  "workspace": {
    "dependencies": [
      "jsr:@deno/dnt@~0.41.3",
      "jsr:@denosaurs/argontwo@0.2",
      "jsr:@rabbit-company/blake2b@^2.1.1",
      "npm:@napi-rs/canvas@~0.1.64",
      "npm:object-fit-math@1",
      "npm:unzipit@^1.4.3"
    ]
  }
}
