{
  "version": "5",
  "specifiers": {
    "jsr:@denosaurs/argontwo@0.2": "0.2.0",
    "jsr:@denosaurs/lz4@0.1.4": "0.1.4",
    "jsr:@rabbit-company/blake2b@^2.1.1": "2.1.1",
    "jsr:@std/assert@^1.0.13": "1.0.13",
    "jsr:@std/async@^1.0.13": "1.0.13",
    "jsr:@std/data-structures@^1.0.8": "1.0.8",
    "jsr:@std/dotenv@*": "0.225.2",
    "jsr:@std/encoding@*": "1.0.10",
    "jsr:@std/encoding@0.221": "0.221.0",
    "jsr:@std/encoding@^1.0.10": "1.0.10",
    "jsr:@std/expect@^1.0.13": "1.0.16",
    "jsr:@std/fs@^1.0.18": "1.0.18",
    "jsr:@std/internal@^1.0.6": "1.0.6",
    "jsr:@std/internal@^1.0.7": "1.0.8",
    "jsr:@std/internal@^1.0.8": "1.0.8",
    "jsr:@std/path@^1.1.0": "1.1.0",
    "jsr:@std/testing@^1.0.14": "1.0.14",
    "npm:@napi-rs/canvas@0.1.40": "0.1.40",
    "npm:@napi-rs/canvas@0.1.7": "0.1.7",
    "npm:@napi-rs/canvas@0.1.70": "0.1.70",
    "npm:@napi-rs/canvas@~0.1.70": "0.1.70",
    "npm:@types/node@*": "22.5.4",
    "npm:object-fit-math@1": "1.0.0",
    "npm:unzipit@*": "1.4.3",
    "npm:unzipit@^1.4.3": "1.4.3"
  },
  "jsr": {
    "@denosaurs/argontwo@0.2.0": {
      "integrity": "1ce2f4c90ba3643e6fffd0d9be059f7cacfb62cf1b314049b6c7c71d87cb92a1",
      "dependencies": [
        "jsr:@denosaurs/lz4",
        "jsr:@std/encoding@0.221"
      ]
    },
    "@denosaurs/lz4@0.1.4": {
      "integrity": "ad5d556c02eb01fe1e0f2e953d7be066a14870afe149b1aed1ced019460f6aa1"
    },
    "@rabbit-company/blake2b@2.1.1": {
      "integrity": "b1595b8995865e31eea21d689aa0108a545acefce08b0350668c68985d8a02c5"
    },
    "@std/assert@1.0.13": {
      "integrity": "ae0d31e41919b12c656c742b22522c32fb26ed0cba32975cb0de2a273cb68b29",
      "dependencies": [
        "jsr:@std/internal@^1.0.6"
      ]
    },
    "@std/async@1.0.13": {
      "integrity": "1d76ca5d324aef249908f7f7fe0d39aaf53198e5420604a59ab5c035adc97c96"
    },
    "@std/data-structures@1.0.8": {
      "integrity": "2fb7219247e044c8fcd51341788547575653c82ae2c759ff209e0263ba7d9b66"
    },
    "@std/dotenv@0.225.2": {
      "integrity": "e2025dce4de6c7bca21dece8baddd4262b09d5187217e231b033e088e0c4dd23"
    },
    "@std/encoding@0.221.0": {
      "integrity": "d1dd76ef0dc5d14088411e6dc1dede53bf8308c95d1537df1214c97137208e45"
    },
    "@std/encoding@1.0.10": {
      "integrity": "8783c6384a2d13abd5e9e87a7ae0520a30e9f56aeeaa3bdf910a3eaaf5c811a1"
    },
    "@std/expect@1.0.16": {
      "integrity": "ceeef6dda21f256a5f0f083fcc0eaca175428b523359a9b1d9b3a1df11cc7391",
      "dependencies": [
        "jsr:@std/assert",
        "jsr:@std/internal@^1.0.7"
      ]
    },
    "@std/fs@1.0.18": {
      "integrity": "24bcad99eab1af4fde75e05da6e9ed0e0dce5edb71b7e34baacf86ffe3969f3a",
      "dependencies": [
        "jsr:@std/path"
      ]
    },
    "@std/internal@1.0.6": {
      "integrity": "9533b128f230f73bd209408bb07a4b12f8d4255ab2a4d22a1fd6d87304aca9a4"
    },
    "@std/internal@1.0.8": {
      "integrity": "fc66e846d8d38a47cffd274d80d2ca3f0de71040f855783724bb6b87f60891f5"
    },
    "@std/path@1.1.0": {
      "integrity": "ddc94f8e3c275627281cbc23341df6b8bcc874d70374f75fec2533521e3d6886"
    },
    "@std/testing@1.0.14": {
      "integrity": "144b3737105b9071cb50c957681f58a1b8ec0f3e5b19ad830f401c5fa931e8f0",
      "dependencies": [
        "jsr:@std/assert",
        "jsr:@std/async",
        "jsr:@std/data-structures",
        "jsr:@std/fs",
        "jsr:@std/internal@^1.0.8",
        "jsr:@std/path"
      ]
    }
  },
  "npm": {
    "@napi-rs/canvas-android-arm64@0.1.40": {
      "integrity": "sha512-98WNQWr6nRThV9ot4tI1Aevo020Qg3WP3NVH0Ko+7Ba6Rh7xd5XDCYgxlATFL0IlBSRm7z6BbgT820tPJh+MYQ==",
      "os": ["android"],
      "cpu": ["arm64"]
    },
    "@napi-rs/canvas-android-arm64@0.1.64": {
      "integrity": "sha512-kyS1b0lt3Nj6QDci8mHTjLA782OpUz5+yiDzsXeOOdqPgiKuDX6ff228gJcZ5/vEOf40rvxar9cYArsTeSuhqQ==",
      "os": ["android"],
      "cpu": ["arm64"]
    },
    "@napi-rs/canvas-android-arm64@0.1.70": {
      "integrity": "sha512-I/YOuQ0wbkVYxVaYtCgN42WKTYxNqFA0gTcTrHIGG1jfpDSyZWII/uHcjOo4nzd19io6Y4+/BqP8E5hJgf9OmQ==",
      "os": ["android"],
      "cpu": ["arm64"]
    },
    "@napi-rs/canvas-darwin-arm64@0.1.40": {
      "integrity": "sha512-RoJQaZyJCBFGEm6H7sXyjzcYoothIvENyEuyMqVgI26NAOIdHefwQn/i/gtMnLDmOaT8afrYQbRwio4vNp1RHw==",
      "os": ["darwin"],
      "cpu": ["arm64"]
    },
    "@napi-rs/canvas-darwin-arm64@0.1.64": {
      "integrity": "sha512-FiXkDoQcTaKWU5ZavEpyYTB+gwLtML/KMnYBi/t5gQGbEC5sOM16S4UtQNAb5zraam0/75wqFyVbgIt3H5JbWg==",
      "os": ["darwin"],
      "cpu": ["arm64"]
    },
    "@napi-rs/canvas-darwin-arm64@0.1.70": {
      "integrity": "sha512-4pPGyXetHIHkw2TOJHujt3mkCP8LdDu8+CT15ld9Id39c752RcI0amDHSuMLMQfAjvusA9B5kKxazwjMGjEJpQ==",
      "os": ["darwin"],
      "cpu": ["arm64"]
    },
    "@napi-rs/canvas-darwin-x64@0.1.40": {
      "integrity": "sha512-JqspMa5Ri2k5OKpTMMetpSVNQXEw/UAB3VhxsGQVHN6fi9oDopnuuLCxT0W/CA2aVQvZ1kH4Bsdyje98gSRDOw==",
      "os": ["darwin"],
      "cpu": ["x64"]
    },
    "@napi-rs/canvas-darwin-x64@0.1.64": {
      "integrity": "sha512-TobMkHfS93VBdZclq7V82tnbYT7+swKe4rhuRtIAi+HolIPhKkoZP6mUthl841Sfsuo0f2o6ZJxn+Y6DWmZ3Tg==",
      "os": ["darwin"],
      "cpu": ["x64"]
    },
    "@napi-rs/canvas-darwin-x64@0.1.70": {
      "integrity": "sha512-+2N6Os9LbkmDMHL+raknrUcLQhsXzc5CSXRbXws9C3pv/mjHRVszQ9dhFUUe9FjfPhCJznO6USVdwOtu7pOrzQ==",
      "os": ["darwin"],
      "cpu": ["x64"]
    },
    "@napi-rs/canvas-linux-arm-gnueabihf@0.1.40": {
      "integrity": "sha512-D8xURVkRlJ5r5wCjF4PFQjFGmNqyYWqDAdM7EMXWBfg02tIx09oOMtxm57ivs5iJYEdnjlIxpKvz1KZaGu9tKw==",
      "os": ["linux"],
      "cpu": ["arm"]
    },
    "@napi-rs/canvas-linux-arm-gnueabihf@0.1.64": {
      "integrity": "sha512-Zs4+wQpLMjsIvC1sC0+HeYsMGrNtqkhgEMdIHEA5yWLaGmLlsiiqJ+ZZKasynHLklWFfV6ywkfhPTLs2n80tlQ==",
      "os": ["linux"],
      "cpu": ["arm"]
    },
    "@napi-rs/canvas-linux-arm-gnueabihf@0.1.70": {
      "integrity": "sha512-QjscX9OaKq/990sVhSMj581xuqLgiaPVMjjYvWaCmAJRkNQ004QfoSMEm3FoTqM4DRoquP8jvuEXScVJsc1rqQ==",
      "os": ["linux"],
      "cpu": ["arm"]
    },
    "@napi-rs/canvas-linux-arm64-gnu@0.1.40": {
      "integrity": "sha512-xWVdBAiK5AubwzQTD/tmhJQb5eMYgjeIFZvCGke0hgyn5haun+U7InX4egvDo9VkDRmYz+/EUAPTjh3lsm7U5w==",
      "os": ["linux"],
      "cpu": ["arm64"],
      "scripts": true
    },
    "@napi-rs/canvas-linux-arm64-gnu@0.1.64": {
      "integrity": "sha512-AaE2LU42iASw5PE8UdJ/GxAHfN2nKvnwgDL9rR+JzsN19fl4Av8R2VlnBBKVKGJekeqlAN+J+9oIFIGvKUpkpA==",
      "os": ["linux"],
      "cpu": ["arm64"]
    },
    "@napi-rs/canvas-linux-arm64-gnu@0.1.70": {
      "integrity": "sha512-LNakMOwwqwiHIwMpnMAbFRczQMQ7TkkMyATqFCOtUJNlE6LPP/QiUj/mlFrNbUn/hctqShJ60gWEb52ZTALbVw==",
      "os": ["linux"],
      "cpu": ["arm64"]
    },
    "@napi-rs/canvas-linux-arm64-musl@0.1.40": {
      "integrity": "sha512-yPHrJigBj+ad83fuLirOdFsjfISkY7iJmO1HxuE78uwttHQA1KX32xsvFrg4KmVoXTX0wCAEnENlRnW8urr7LA==",
      "os": ["linux"],
      "cpu": ["arm64"],
      "scripts": true
    },
    "@napi-rs/canvas-linux-arm64-musl@0.1.64": {
      "integrity": "sha512-EcScvyDfBaP44pfrRxDAmv/NKo7CAM34a5HVo6xSPAlLhLaOWTcMJrlZc14Sx105Q46u2myH1DcTtVsFO9XRfg==",
      "os": ["linux"],
      "cpu": ["arm64"]
    },
    "@napi-rs/canvas-linux-arm64-musl@0.1.70": {
      "integrity": "sha512-wBTOllEYNfJCHOdZj9v8gLzZ4oY3oyPX8MSRvaxPm/s7RfEXxCyZ8OhJ5xAyicsDdbE5YBZqdmaaeP5+xKxvtg==",
      "os": ["linux"],
      "cpu": ["arm64"]
    },
    "@napi-rs/canvas-linux-riscv64-gnu@0.1.64": {
      "integrity": "sha512-XlqIGfNxV3JF4+mzn+BVxCsKeYGHhYnHo5m8COn012iEri0UXU65VSgMVbAa+78neu9bXoBWT0fUI2TrnV+u1Q==",
      "os": ["linux"],
      "cpu": ["riscv64"]
    },
    "@napi-rs/canvas-linux-riscv64-gnu@0.1.70": {
      "integrity": "sha512-GVUUPC8TuuFqHip0rxHkUqArQnlzmlXmTEBuXAWdgCv85zTCFH8nOHk/YCF5yo0Z2eOm8nOi90aWs0leJ4OE5Q==",
      "os": ["linux"],
      "cpu": ["riscv64"]
    },
    "@napi-rs/canvas-linux-x64-gnu@0.1.40": {
      "integrity": "sha512-TC62vdnNxkrAtMyiTGZhrKSqTVV1mV+EBK/76hxNpGLtj+eHXLmD3B+PaM1iXshMJ9ueU+SCzq9Q7sora9docw==",
      "os": ["linux"],
      "cpu": ["x64"],
      "scripts": true
    },
    "@napi-rs/canvas-linux-x64-gnu@0.1.64": {
      "integrity": "sha512-TuVeg6ISOV/NmAYE7Gg5/lyE/SW3a2Unrd+3kTVcI76LHfZwZcdPaNaU9GKJLLv1O5/zMcgK/lJmYOpI+JU4NQ==",
      "os": ["linux"],
      "cpu": ["x64"]
    },
    "@napi-rs/canvas-linux-x64-gnu@0.1.70": {
      "integrity": "sha512-/kvUa2lZRwGNyfznSn5t1ShWJnr/m5acSlhTV3eXECafObjl0VBuA1HJw0QrilLpb4Fe0VLywkpD1NsMoVDROQ==",
      "os": ["linux"],
      "cpu": ["x64"]
    },
    "@napi-rs/canvas-linux-x64-musl@0.1.40": {
      "integrity": "sha512-C6mr9MADSFq10FRRwWmPhh7vMpYfJH+RX7bWoBks5I72LxdtvqTEiD/ssBbMET9HxkT7WOv4Tbhf5EHII9qBeQ==",
      "os": ["linux"],
      "cpu": ["x64"],
      "scripts": true
    },
    "@napi-rs/canvas-linux-x64-musl@0.1.64": {
      "integrity": "sha512-JwfHdmSIRPlP+u8xglfxcqYfpjg6k/HROBKjeA5eSNCHUiSdH/HStyieAkMInyNjbqVL0FwTgLLNWW16fqTq8w==",
      "os": ["linux"],
      "cpu": ["x64"]
    },
    "@napi-rs/canvas-linux-x64-musl@0.1.70": {
      "integrity": "sha512-aqlv8MLpycoMKRmds7JWCfVwNf1fiZxaU7JwJs9/ExjTD8lX2KjsO7CTeAj5Cl4aEuzxUWbJPUUE2Qu9cZ1vfg==",
      "os": ["linux"],
      "cpu": ["x64"]
    },
    "@napi-rs/canvas-win32-x64-msvc@0.1.40": {
      "integrity": "sha512-TaxpeQXmSaI7Gz8ygUGlF6GnWqttZ1SL6qm0HrFu0gjhYQioHqVZ0a9k1yUcMVSCx3qxjy12Jf/tW2x7PCwhuQ==",
      "os": ["win32"],
      "cpu": ["x64"]
    },
    "@napi-rs/canvas-win32-x64-msvc@0.1.64": {
      "integrity": "sha512-iVrrc+Ob9yNJ6yPeMRympLOszg2JvV6DaSostBbAs714eaQ/+i5b6dTI0QRdb/JWpm95CQ7SM/kOPZJZv7Rfjw==",
      "os": ["win32"],
      "cpu": ["x64"]
    },
    "@napi-rs/canvas-win32-x64-msvc@0.1.70": {
      "integrity": "sha512-Q9QU3WIpwBTVHk4cPfBjGHGU4U0llQYRXgJtFtYqqGNEOKVN4OT6PQ+ve63xwIPODMpZ0HHyj/KLGc9CWc3EtQ==",
      "os": ["win32"],
      "cpu": ["x64"]
    },
    "@napi-rs/canvas@0.1.40": {
      "integrity": "sha512-6yC43yUAclXeChZEeMTZNN3sSloHUZG8gdMvbanboVREcUYZWRPAuSl5iitm/UemUEv3tk+6l3ZPkEsdmRgCOA==",
      "optionalDependencies": [
        "@napi-rs/canvas-android-arm64@0.1.40",
        "@napi-rs/canvas-darwin-arm64@0.1.40",
        "@napi-rs/canvas-darwin-x64@0.1.40",
        "@napi-rs/canvas-linux-arm-gnueabihf@0.1.40",
        "@napi-rs/canvas-linux-arm64-gnu@0.1.40",
        "@napi-rs/canvas-linux-arm64-musl@0.1.40",
        "@napi-rs/canvas-linux-x64-gnu@0.1.40",
        "@napi-rs/canvas-linux-x64-musl@0.1.40",
        "@napi-rs/canvas-win32-x64-msvc@0.1.40"
      ]
    },
    "@napi-rs/canvas@0.1.7": {
      "integrity": "sha512-Ww4CUxmR6/c0KKGqJjvvyqp2gH5n2pafBij7iu2hywReYkr+byGAS7jXxYyOhKZWSc4nRAmMdzXTf/QprK3vfg==",
      "dependencies": [
        "@node-rs/helper"
      ],
      "optionalDependencies": [
        "@napi-rs/canvas-android-arm64@0.1.70",
        "@napi-rs/canvas-darwin-arm64@0.1.70",
        "@napi-rs/canvas-darwin-x64@0.1.70",
        "@napi-rs/canvas-linux-arm-gnueabihf@0.1.70",
        "@napi-rs/canvas-linux-arm64-gnu@0.1.70",
        "@napi-rs/canvas-linux-arm64-musl@0.1.70",
        "@napi-rs/canvas-linux-x64-gnu@0.1.70",
        "@napi-rs/canvas-linux-x64-musl@0.1.70",
        "@napi-rs/canvas-win32-x64-msvc@0.1.70"
      ]
    },
    "@napi-rs/canvas@0.1.70": {
      "integrity": "sha512-nD6NGa4JbNYSZYsTnLGrqe9Kn/lCkA4ybXt8sx5ojDqZjr2i0TWAHxx/vhgfjX+i3hCdKWufxYwi7CfXqtITSA==",
      "optionalDependencies": [
        "@napi-rs/canvas-android-arm64@0.1.70",
        "@napi-rs/canvas-darwin-arm64@0.1.70",
        "@napi-rs/canvas-darwin-x64@0.1.70",
        "@napi-rs/canvas-linux-arm-gnueabihf@0.1.70",
        "@napi-rs/canvas-linux-arm64-gnu@0.1.70",
        "@napi-rs/canvas-linux-arm64-musl@0.1.70",
        "@napi-rs/canvas-linux-riscv64-gnu@0.1.70",
        "@napi-rs/canvas-linux-x64-gnu@0.1.70",
        "@napi-rs/canvas-linux-x64-musl@0.1.70",
        "@napi-rs/canvas-win32-x64-msvc@0.1.70"
      ]
    },
    "@napi-rs/triples@1.2.0": {
      "integrity": "sha512-HAPjR3bnCsdXBsATpDIP5WCrw0JcACwhhrwIAQhiR46n+jm+a2F8kBsfseAuWtSyQ+H3Yebt2k43B5dy+04yMA=="
    },
    "@node-rs/helper@1.6.0": {
      "integrity": "sha512-2OTh/tokcLA1qom1zuCJm2gQzaZljCCbtX1YCrwRVd/toz7KxaDRFeLTAPwhs8m9hWgzrBn5rShRm6IaZofCPw==",
      "dependencies": [
        "@napi-rs/triples"
      ]
    },
    "@types/node@22.5.4": {
      "integrity": "sha512-FDuKUJQm/ju9fT/SeX/6+gBzoPzlVCzfzmGkwKvRHQVxi4BntVbyIwf6a4Xn62mrvndLiml6z/UBXIdEVjQLXg==",
      "dependencies": [
        "undici-types"
      ]
    },
    "object-fit-math@1.0.0": {
      "integrity": "sha512-SqsfEKO6OoHR1K3r5E7JpJoloN6Wd5zPZr0QAo0DAI/zjpadPNcajoUhNvrGUcDHDaF8LEQKCgiiz0+p7lVGeg=="
    },
    "undici-types@6.19.8": {
      "integrity": "sha512-ve2KP6f/JnbPBFyobGHuerC9g1FYGn/F8n1LWTwNxCEzd6IfqTwUQcNXgEtmmQ6DlRrC1hrSrBnCZPokRrDHjw=="
    },
    "unzipit@1.4.3": {
      "integrity": "sha512-gsq2PdJIWWGhx5kcdWStvNWit9FVdTewm4SEG7gFskWs+XCVaULt9+BwuoBtJiRE8eo3L1IPAOrbByNLtLtIlg==",
      "dependencies": [
        "uzip-module"
      ]
    },
    "uzip-module@1.0.3": {
      "integrity": "sha512-AMqwWZaknLM77G+VPYNZLEruMGWGzyigPK3/Whg99B3S6vGHuqsyl5ZrOv1UUF3paGK1U6PM0cnayioaryg/fA=="
    }
  },
  "redirects": {
    "https://deno.land/x/base64/mod.ts": "https://deno.land/x/base64@v0.2.1/mod.ts",
    "https://denopkg.com/chiefbiiko/std-encoding/mod.ts": "https://denopkg.com/chiefbiiko/std-encoding@master/mod.ts"
  },
  "remote": {
    "https://deno.land/std@0.106.0/encoding/base64.ts": "eecae390f1f1d1cae6f6c6d732ede5276bf4b9cd29b1d281678c054dc5cc009e",
    "https://deno.land/std@0.204.0/encoding/_util.ts": "f368920189c4fe6592ab2e93bd7ded8f3065b84f95cd3e036a4a10a75649dcba",
    "https://deno.land/std@0.204.0/encoding/base64.ts": "cc03110d6518170aeaa68ec97f89c6d6e2276294b30807e7332591d7ce2e4b72",
    "https://deno.land/std@0.217.0/dotenv/mod.ts": "0180eaeedaaf88647318811cdaa418cc64dc51fb08354f91f5f480d0a1309f7d",
    "https://deno.land/std@0.217.0/dotenv/parse.ts": "a49ed243bd62ec26f38614042cda4e5e3a47b18337c93b0f9f8556a5c918884b",
    "https://deno.land/std@0.217.0/dotenv/stringify.ts": "0047ad7068289735d08964046aea267a750c141b494ca0e38831b89be6c020c2",
    "https://deno.land/x/argontwo@0.2.0/mod.ts": "076395861fc86d5b475ed49ecf10a35df47db55a506469da054a92969d7cdf66",
    "https://deno.land/x/argontwo@0.2.0/wasm/mod.ts": "588486da70ccd43760b71fb3d236ff37d1790d3419cbb764c35fc05a550a2881",
    "https://deno.land/x/argontwo@0.2.0/wasm/wasm.js": "c5fdbe828b5984d9a434247ca2cf6cd44e8f7560490813cdd92be785ec57d3fa",
    "https://deno.land/x/base64@v0.2.1/base.ts": "47dc8d68f07dc91524bdd6db36eccbe59cf4d935b5fc09f27357a3944bb3ff7b",
    "https://deno.land/x/base64@v0.2.1/base64url.ts": "18bbf879b31f1f32cca8adaa2b6885ae325c2cec6a66c5817b684ca12c46ad5e",
    "https://deno.land/x/base64@v0.2.1/mod.ts": "1cbdc4ba7229d3c6d1763fecdb9d46844777c7e153abb6dabea8b0dd01448db4",
    "https://deno.land/x/blake2b@v0.1.0/deps.ts": "35cc92e906ba8e9a9a19c4a9721424b8a59296ae25773d6f5ebaba876e357354",
    "https://deno.land/x/blake2b@v0.1.0/loadWasm.ts": "fc80ec36c16e3db40ecd3de845cd54db14ba9b921a3cfb58e7c3cf882fcf17ad",
    "https://deno.land/x/blake2b@v0.1.0/mod.ts": "dac191af3935ce4d9dda9feb43b8b9cc574206c6377fdad7b6e8782907db8edf",
    "https://deno.land/x/canvas@v1.4.1/deps.ts": "e956026d98094946166e06d7b799290b732db015813870d84e04e33ab88e98f3",
    "https://deno.land/x/canvas@v1.4.1/mod.ts": "a4e16972647ceafef58612a377a218372454c99d2c9da615a132694597114f80",
    "https://deno.land/x/canvas@v1.4.1/src/base64.ts": "0928031fdba0c43b617154fbe2eb7578366460c04da1422933ae5e936d3d0349",
    "https://deno.land/x/canvas@v1.4.1/src/canvas.ts": "58119999b04f68ebeed2627485c5c24c5b0c029707edde0b6568814f9049a3a8",
    "https://deno.land/x/canvas@v1.4.1/src/canvaskit.ts": "c3d807472cbb3e1d9fc01bb43ff974ef796c4b010178d1595be5fa793cce5e7d",
    "https://deno.land/x/canvas@v1.4.1/src/color_util.ts": "28f1072f0a5acbe7add7fac2f452311a47b44c080806fc4057de2d2e405c6c1c",
    "https://deno.land/x/canvas@v1.4.1/src/lib.js": "bb21711589bfbc8997b455cdf53e3150e23289f3b44809188041b1d2fc7924fa",
    "https://deno.land/x/canvas@v1.4.1/src/types.ts": "67d5800f8f4b0a407e0251676a03ae91b5f50a3ed53e6b72dc5984113cb93128",
    "https://deno.land/x/canvas@v1.4.1/src/wasm.js": "449d72cc14fc4142a5853f944df49a744d852981d09c5515528ede8aebb0afda",
    "https://deno.land/x/lz4@v0.1.2/mod.ts": "4decfc1a3569d03fd1813bd39128b71c8f082850fe98ecfdde20025772916582",
    "https://deno.land/x/lz4@v0.1.2/wasm.js": "b9c65605327ba273f0c76a6dc596ec534d4cda0f0225d7a94ebc606782319e46",
    "https://deno.land/x/outdent@v0.8.0/mod.ts": "72630e680dcc36d5ae556fbff6900b12706c81a6fd592345fc98bcc0878fb3ca",
    "https://deno.land/x/outdent@v0.8.0/src/index.ts": "6dc3df4108d5d6fedcdb974844d321037ca81eaaa16be6073235ff3268841a22",
    "https://denopkg.com/chiefbiiko/std-encoding@master/mod.ts": "e61017da4cef146863d614a961b4e61f1df14b72c906092bd02161f913e76522"
  },
  "workspace": {
    "dependencies": [
      "jsr:@denosaurs/argontwo@0.2",
      "jsr:@rabbit-company/blake2b@^2.1.1",
      "jsr:@std/encoding@^1.0.10",
      "jsr:@std/expect@^1.0.13",
      "jsr:@std/testing@^1.0.14",
      "npm:@napi-rs/canvas@~0.1.70",
      "npm:object-fit-math@1",
      "npm:unzipit@^1.4.3"
    ]
  }
}
