# This file is generated by running "yarn install" inside your project.
# Manual changes might be lost - proceed with caution!

__metadata:
  version: 8
  cacheKey: 10c0

"@7xrk/novelai-api@npm:@jsr/7xrk__novelai-api@^1.0.2":
  version: 1.0.2
  resolution: "@jsr/7xrk__novelai-api@npm:1.0.2::__archiveUrl=https%3A%2F%2Fnpm.jsr.io%2F~%2F11%2F%40jsr%2F7xrk__novelai-api%2F1.0.2.tgz"
  dependencies:
    "@jsr/denosaurs__argontwo": "npm:^0.2.0"
    "@jsr/rabbit-company__blake2b": "npm:^2.1.1"
    "@napi-rs/canvas": "npm:^0.1.64"
    object-fit-math: "npm:^1.0.0"
    unzipit: "npm:^1.4.3"
  checksum: 10c0/1752a21633c821ec274ce47a03daa2121a4cb23e44eb202047d9ce26894f4cac5c371ba94033cf96f1b0a6c1fd245fccaaa1f1f9c9a4ffb998b754d8a62b1c48
  languageName: node
  linkType: hard

"@jsr/denosaurs__argontwo@npm:^0.2.0":
  version: 0.2.0
  resolution: "@jsr/denosaurs__argontwo@npm:0.2.0::__archiveUrl=https%3A%2F%2Fnpm.jsr.io%2F~%2F11%2F%40jsr%2Fdenosaurs__argontwo%2F0.2.0.tgz"
  dependencies:
    "@jsr/denosaurs__lz4": "npm:0.1.4"
    "@jsr/std__encoding": "npm:0.221"
  checksum: 10c0/1c57ecf400a1b176102c3316e7a82226c3e2e8edb0da5927b6d7612e90d358e88c14ecae06a45db14939d50021305e3b05c67e081dd4afdb98bbeb17aaca2fd1
  languageName: node
  linkType: hard

"@jsr/denosaurs__lz4@npm:0.1.4":
  version: 0.1.4
  resolution: "@jsr/denosaurs__lz4@npm:0.1.4::__archiveUrl=https%3A%2F%2Fnpm.jsr.io%2F~%2F11%2F%40jsr%2Fdenosaurs__lz4%2F0.1.4.tgz"
  checksum: 10c0/013433c71d1e29be0421f4f43bab100a11671fdce48bd562e02f75fb6423fc4daba237778f11b6fa14981171fe855622abb0bcbe91a3b9f55710411a0abc0134
  languageName: node
  linkType: hard

"@jsr/rabbit-company__blake2b@npm:^2.1.1":
  version: 2.1.1
  resolution: "@jsr/rabbit-company__blake2b@npm:2.1.1::__archiveUrl=https%3A%2F%2Fnpm.jsr.io%2F~%2F11%2F%40jsr%2Frabbit-company__blake2b%2F2.1.1.tgz"
  checksum: 10c0/7b7037db64b2281eb75bef81b10dfdccea494c0a0dfc6189c3a3fd9bcca76aaa5cb1555983379d55afbceb2568516ec2dc1dda0d6e56f7260bf2afb59eee3d1e
  languageName: node
  linkType: hard

"@jsr/std__encoding@npm:0.221":
  version: 0.221.0
  resolution: "@jsr/std__encoding@npm:0.221.0::__archiveUrl=https%3A%2F%2Fnpm.jsr.io%2F~%2F11%2F%40jsr%2Fstd__encoding%2F0.221.0.tgz"
  checksum: 10c0/f88dda11ddbd14b508b4e4e521dcc2c0725da726ed5410609d0901fdef678c81887655e914eaff48b8d14bdfbb89e1deb5121330af898ac27298436611dfa09d
  languageName: node
  linkType: hard

"@napi-rs/canvas-android-arm64@npm:0.1.65":
  version: 0.1.65
  resolution: "@napi-rs/canvas-android-arm64@npm:0.1.65"
  conditions: os=android & cpu=arm64
  languageName: node
  linkType: hard

"@napi-rs/canvas-darwin-arm64@npm:0.1.65":
  version: 0.1.65
  resolution: "@napi-rs/canvas-darwin-arm64@npm:0.1.65"
  conditions: os=darwin & cpu=arm64
  languageName: node
  linkType: hard

"@napi-rs/canvas-darwin-x64@npm:0.1.65":
  version: 0.1.65
  resolution: "@napi-rs/canvas-darwin-x64@npm:0.1.65"
  conditions: os=darwin & cpu=x64
  languageName: node
  linkType: hard

"@napi-rs/canvas-linux-arm-gnueabihf@npm:0.1.65":
  version: 0.1.65
  resolution: "@napi-rs/canvas-linux-arm-gnueabihf@npm:0.1.65"
  conditions: os=linux & cpu=arm
  languageName: node
  linkType: hard

"@napi-rs/canvas-linux-arm64-gnu@npm:0.1.65":
  version: 0.1.65
  resolution: "@napi-rs/canvas-linux-arm64-gnu@npm:0.1.65"
  conditions: os=linux & cpu=arm64 & libc=glibc
  languageName: node
  linkType: hard

"@napi-rs/canvas-linux-arm64-musl@npm:0.1.65":
  version: 0.1.65
  resolution: "@napi-rs/canvas-linux-arm64-musl@npm:0.1.65"
  conditions: os=linux & cpu=arm64 & libc=musl
  languageName: node
  linkType: hard

"@napi-rs/canvas-linux-riscv64-gnu@npm:0.1.65":
  version: 0.1.65
  resolution: "@napi-rs/canvas-linux-riscv64-gnu@npm:0.1.65"
  conditions: os=linux & cpu=riscv64 & libc=glibc
  languageName: node
  linkType: hard

"@napi-rs/canvas-linux-x64-gnu@npm:0.1.65":
  version: 0.1.65
  resolution: "@napi-rs/canvas-linux-x64-gnu@npm:0.1.65"
  conditions: os=linux & cpu=x64 & libc=glibc
  languageName: node
  linkType: hard

"@napi-rs/canvas-linux-x64-musl@npm:0.1.65":
  version: 0.1.65
  resolution: "@napi-rs/canvas-linux-x64-musl@npm:0.1.65"
  conditions: os=linux & cpu=x64 & libc=musl
  languageName: node
  linkType: hard

"@napi-rs/canvas-win32-x64-msvc@npm:0.1.65":
  version: 0.1.65
  resolution: "@napi-rs/canvas-win32-x64-msvc@npm:0.1.65"
  conditions: os=win32 & cpu=x64
  languageName: node
  linkType: hard

"@napi-rs/canvas@npm:^0.1.64":
  version: 0.1.65
  resolution: "@napi-rs/canvas@npm:0.1.65"
  dependencies:
    "@napi-rs/canvas-android-arm64": "npm:0.1.65"
    "@napi-rs/canvas-darwin-arm64": "npm:0.1.65"
    "@napi-rs/canvas-darwin-x64": "npm:0.1.65"
    "@napi-rs/canvas-linux-arm-gnueabihf": "npm:0.1.65"
    "@napi-rs/canvas-linux-arm64-gnu": "npm:0.1.65"
    "@napi-rs/canvas-linux-arm64-musl": "npm:0.1.65"
    "@napi-rs/canvas-linux-riscv64-gnu": "npm:0.1.65"
    "@napi-rs/canvas-linux-x64-gnu": "npm:0.1.65"
    "@napi-rs/canvas-linux-x64-musl": "npm:0.1.65"
    "@napi-rs/canvas-win32-x64-msvc": "npm:0.1.65"
  dependenciesMeta:
    "@napi-rs/canvas-android-arm64":
      optional: true
    "@napi-rs/canvas-darwin-arm64":
      optional: true
    "@napi-rs/canvas-darwin-x64":
      optional: true
    "@napi-rs/canvas-linux-arm-gnueabihf":
      optional: true
    "@napi-rs/canvas-linux-arm64-gnu":
      optional: true
    "@napi-rs/canvas-linux-arm64-musl":
      optional: true
    "@napi-rs/canvas-linux-riscv64-gnu":
      optional: true
    "@napi-rs/canvas-linux-x64-gnu":
      optional: true
    "@napi-rs/canvas-linux-x64-musl":
      optional: true
    "@napi-rs/canvas-win32-x64-msvc":
      optional: true
  checksum: 10c0/87e92baf5b4bf479c3d4f0c853f974411d62b05f772f2b5f7f0e94f7bfb3103497913ce1b9e7a176f6e8017ebfad80acc78e4d476589d0a44eac3ee6db5c81a2
  languageName: node
  linkType: hard

"object-fit-math@npm:^1.0.0":
  version: 1.0.0
  resolution: "object-fit-math@npm:1.0.0"
  checksum: 10c0/1f5d0ebaa294b007d5cc05eb036b3d025540fa764ed78e199b478fa3068097b0127be82b65577b5f2a5dd3a4eba342d95181b95064d0a357b13444a59bea32fd
  languageName: node
  linkType: hard

"outdent@npm:^0.8.0":
  version: 0.8.0
  resolution: "outdent@npm:0.8.0"
  checksum: 10c0/d8a6c38b838b7ac23ebf1cc50442312f4efe286b211dbe5c71fa84d5daa2512fb94a8f2df1389313465acb0b4e5fa72270dd78f519f3d4db5bc22b2762c86827
  languageName: node
  linkType: hard

"root-workspace-0b6124@workspace:.":
  version: 0.0.0-use.local
  resolution: "root-workspace-0b6124@workspace:."
  dependencies:
    "@7xrk/novelai-api": "npm:@jsr/7xrk__novelai-api@^1.0.2"
    outdent: "npm:^0.8.0"
  languageName: unknown
  linkType: soft

"unzipit@npm:^1.4.3":
  version: 1.4.3
  resolution: "unzipit@npm:1.4.3"
  dependencies:
    uzip-module: "npm:^1.0.2"
  checksum: 10c0/6f710615aaafb6283d5f489950e54d158deaa1c8757ba486d98ddc76f3ae3b7eab24cd24017185dd5f4edcd2df43b04431bca009538d4116c60229b60db8dd3b
  languageName: node
  linkType: hard

"uzip-module@npm:^1.0.2":
  version: 1.0.3
  resolution: "uzip-module@npm:1.0.3"
  checksum: 10c0/206e09cf620aa178e5d8ab20425d1a4f4484de9a86673e8a5913087b7b0febb12d49a22b15574a3c5b0c9d911a0d600c9f51651de2a78ffbc6e0345b8ef3af8d
  languageName: node
  linkType: hard
